
Microsoft Visual Studio Solution File, Format Version 12.00
# Visual Studio Version 17
VisualStudioVersion = 17.3.32929.385
MinimumVisualStudioVersion = 10.0.40219.1
Project("{FAE04EC0-301F-11D3-BF4B-00C04F79EFBC}") = "BookReservationAPI", "BookReservationAPI.csproj", "{43C86537-318E-4EA0-837A-BB851DAEC42D}"
EndProject
Project("{FAE04EC0-301F-11D3-BF4B-00C04F79EFBC}") = "BookStoreData", "..\BookStoreData\BookStoreData.csproj", "{EFB68BE3-7374-4FC4-B3ED-805DBAF295A9}"
EndProject
Global
	GlobalSection(SolutionConfigurationPlatforms) = preSolution
		Debug|Any CPU = Debug|Any CPU
		Release|Any CPU = Release|Any CPU
	EndGlobalSection
	GlobalSection(ProjectConfigurationPlatforms) = postSolution
		{43C86537-318E-4EA0-837A-BB851DAEC42D}.Debug|Any CPU.ActiveCfg = Debug|Any CPU
		{43C86537-318E-4EA0-837A-BB851DAEC42D}.Debug|Any CPU.Build.0 = Debug|Any CPU
		{43C86537-318E-4EA0-837A-BB851DAEC42D}.Release|Any CPU.ActiveCfg = Release|Any CPU
		{43C86537-318E-4EA0-837A-BB851DAEC42D}.Release|Any CPU.Build.0 = Release|Any CPU
		{EFB68BE3-7374-4FC4-B3ED-805DBAF295A9}.Debug|Any CPU.ActiveCfg = Debug|Any CPU
		{EFB68BE3-7374-4FC4-B3ED-805DBAF295A9}.Debug|Any CPU.Build.0 = Debug|Any CPU
		{EFB68BE3-7374-4FC4-B3ED-805DBAF295A9}.Release|Any CPU.ActiveCfg = Release|Any CPU
		{EFB68BE3-7374-4FC4-B3ED-805DBAF295A9}.Release|Any CPU.Build.0 = Release|Any CPU
	EndGlobalSection
	GlobalSection(SolutionProperties) = preSolution
		HideSolutionNode = FALSE
	EndGlobalSection
	GlobalSection(ExtensibilityGlobals) = postSolution
		SolutionGuid = {8E6586B2-81D5-4B74-B2F1-F90565CF458A}
	EndGlobalSection
EndGlobal
